
Microsoft Visual Studio Solution File, Format Version 12.00
# Visual Studio Version 16
VisualStudioVersion = 16.0.32126.315
MinimumVisualStudioVersion = 10.0.40219.1
Project("{9A19103F-16F7-4668-BE54-9A1E7A4F7556}") = "Combined XML Program", "Combined XML Program.csproj", "{BE7F6ADB-164C-4C07-98C1-0E816C56BCE2}"
EndProject
Global
	GlobalSection(SolutionConfigurationPlatforms) = preSolution
		Debug|Any CPU = Debug|Any CPU
		Release|Any CPU = Release|Any CPU
	EndGlobalSection
	GlobalSection(ProjectConfigurationPlatforms) = postSolution
		{BE7F6ADB-164C-4C07-98C1-0E816C56BCE2}.Debug|Any CPU.ActiveCfg = Debug|Any CPU
		{BE7F6ADB-164C-4C07-98C1-0E816C56BCE2}.Debug|Any CPU.Build.0 = Debug|Any CPU
		{BE7F6ADB-164C-4C07-98C1-0E816C56BCE2}.Release|Any CPU.ActiveCfg = Release|Any CPU
		{BE7F6ADB-164C-4C07-98C1-0E816C56BCE2}.Release|Any CPU.Build.0 = Release|Any CPU
	EndGlobalSection
	GlobalSection(SolutionProperties) = preSolution
		HideSolutionNode = FALSE
	EndGlobalSection
	GlobalSection(ExtensibilityGlobals) = postSolution
		SolutionGuid = {555A24CD-F40E-4793-A3E1-189856DE0FA7}
	EndGlobalSection
EndGlobal
